uuid: e8f0e4ff-8e2b-4d27-ac5c-d02aaecd8484
langcode: en
status: true
dependencies:
  content:
    - 'block_content:banner_body:659158e9-ac61-4191-9278-5baf7bc98b12'
  module:
    - block_content
    - system
  theme:
    - olivero
id: olivero_mybannerblock
theme: olivero
region: content
weight: -10
provider: null
plugin: 'block_content:659158e9-ac61-4191-9278-5baf7bc98b12'
settings:
  id: 'block_content:659158e9-ac61-4191-9278-5baf7bc98b12'
  label: 'My Banner Block'
  label_display: '0'
  provider: block_content
  status: true
  info: ''
  view_mode: full
visibility:
  request_path:
    id: request_path
    negate: false
    pages: /home
